
Microsoft Visual Studio Solution File, Format Version 12.00
# Visual Studio Version 17
VisualStudioVersion = 17.6.33829.357
MinimumVisualStudioVersion = 10.0.40219.1
Project("{FAE04EC0-301F-11D3-BF4B-00C04F79EFBC}") = "Cantek.ArgeProjectNTier.DataAccess", "Cantek.ArgeProjectNTier.DataAccess\Cantek.ArgeProjectNTier.DataAccess.csproj", "{D3CB808E-DEE8-435A-A06F-57200F097375}"
EndProject
Project("{FAE04EC0-301F-11D3-BF4B-00C04F79EFBC}") = "Cantek.ArgeProjectNTier.Dtos", "Cantek.ArgeProjectNTier.Dto\Cantek.ArgeProjectNTier.Dtos.csproj", "{C8DFDC81-3EDE-4366-B6EB-F3E22FC2532A}"
EndProject
Project("{FAE04EC0-301F-11D3-BF4B-00C04F79EFBC}") = "Cantek.ArgeProjectNTier.Business", "Cantek.ArgeProjectNTier.Business\Cantek.ArgeProjectNTier.Business.csproj", "{F3FF6DF8-337D-4ADA-8B5B-ED1C54664B00}"
EndProject
Project("{FAE04EC0-301F-11D3-BF4B-00C04F79EFBC}") = "Cantek.ArgeProjectNTier.Entities", "Cantek.ArgeProjectNTier.Entities\Cantek.ArgeProjectNTier.Entities.csproj", "{81615447-9150-4200-BBC9-782B0A5DC056}"
EndProject
Project("{FAE04EC0-301F-11D3-BF4B-00C04F79EFBC}") = "Cantek.ArgeProjectNTier.UI", "Cantek.ArgeProjectNTier.UI\Cantek.ArgeProjectNTier.UI.csproj", "{D414A49A-4BC2-4593-8176-568F46453572}"
EndProject
Project("{FAE04EC0-301F-11D3-BF4B-00C04F79EFBC}") = "Cantek.ArgeProjectNTier.Common", "Cantek.ArgeProjectNTier.Common\Cantek.ArgeProjectNTier.Common.csproj", "{364554C4-E7F6-41B8-9CE5-8525DD4D4B7C}"
EndProject
Global
	GlobalSection(SolutionConfigurationPlatforms) = preSolution
		Debug|Any CPU = Debug|Any CPU
		Release|Any CPU = Release|Any CPU
	EndGlobalSection
	GlobalSection(ProjectConfigurationPlatforms) = postSolution
		{D3CB808E-DEE8-435A-A06F-57200F097375}.Debug|Any CPU.ActiveCfg = Debug|Any CPU
		{D3CB808E-DEE8-435A-A06F-57200F097375}.Debug|Any CPU.Build.0 = Debug|Any CPU
		{D3CB808E-DEE8-435A-A06F-57200F097375}.Release|Any CPU.ActiveCfg = Release|Any CPU
		{D3CB808E-DEE8-435A-A06F-57200F097375}.Release|Any CPU.Build.0 = Release|Any CPU
		{C8DFDC81-3EDE-4366-B6EB-F3E22FC2532A}.Debug|Any CPU.ActiveCfg = Debug|Any CPU
		{C8DFDC81-3EDE-4366-B6EB-F3E22FC2532A}.Debug|Any CPU.Build.0 = Debug|Any CPU
		{C8DFDC81-3EDE-4366-B6EB-F3E22FC2532A}.Release|Any CPU.ActiveCfg = Release|Any CPU
		{C8DFDC81-3EDE-4366-B6EB-F3E22FC2532A}.Release|Any CPU.Build.0 = Release|Any CPU
		{F3FF6DF8-337D-4ADA-8B5B-ED1C54664B00}.Debug|Any CPU.ActiveCfg = Debug|Any CPU
		{F3FF6DF8-337D-4ADA-8B5B-ED1C54664B00}.Debug|Any CPU.Build.0 = Debug|Any CPU
		{F3FF6DF8-337D-4ADA-8B5B-ED1C54664B00}.Release|Any CPU.ActiveCfg = Release|Any CPU
		{F3FF6DF8-337D-4ADA-8B5B-ED1C54664B00}.Release|Any CPU.Build.0 = Release|Any CPU
		{81615447-9150-4200-BBC9-782B0A5DC056}.Debug|Any CPU.ActiveCfg = Debug|Any CPU
		{81615447-9150-4200-BBC9-782B0A5DC056}.Debug|Any CPU.Build.0 = Debug|Any CPU
		{81615447-9150-4200-BBC9-782B0A5DC056}.Release|Any CPU.ActiveCfg = Release|Any CPU
		{81615447-9150-4200-BBC9-782B0A5DC056}.Release|Any CPU.Build.0 = Release|Any CPU
		{D414A49A-4BC2-4593-8176-568F46453572}.Debug|Any CPU.ActiveCfg = Debug|Any CPU
		{D414A49A-4BC2-4593-8176-568F46453572}.Debug|Any CPU.Build.0 = Debug|Any CPU
		{D414A49A-4BC2-4593-8176-568F46453572}.Release|Any CPU.ActiveCfg = Release|Any CPU
		{D414A49A-4BC2-4593-8176-568F46453572}.Release|Any CPU.Build.0 = Release|Any CPU
		{364554C4-E7F6-41B8-9CE5-8525DD4D4B7C}.Debug|Any CPU.ActiveCfg = Debug|Any CPU
		{364554C4-E7F6-41B8-9CE5-8525DD4D4B7C}.Debug|Any CPU.Build.0 = Debug|Any CPU
		{364554C4-E7F6-41B8-9CE5-8525DD4D4B7C}.Release|Any CPU.ActiveCfg = Release|Any CPU
		{364554C4-E7F6-41B8-9CE5-8525DD4D4B7C}.Release|Any CPU.Build.0 = Release|Any CPU
	EndGlobalSection
	GlobalSection(SolutionProperties) = preSolution
		HideSolutionNode = FALSE
	EndGlobalSection
	GlobalSection(ExtensibilityGlobals) = postSolution
		SolutionGuid = {36CB566D-81DF-4EA1-A1CF-31E73291EFE3}
	EndGlobalSection
EndGlobal
